
Microsoft Visual Studio Solution File, Format Version 12.00
# Visual Studio Version 17
VisualStudioVersion = 17.0.31903.59
MinimumVisualStudioVersion = 10.0.40219.1
Project("{FAE04EC0-301F-11D3-BF4B-00C04F79EFBC}") = "ServiceOrderManager.Domain", "ServiceOrderManager.Domain\ServiceOrderManager.Domain.csproj", "{721A0726-FCAA-49F5-A000-EB430E470B6E}"
EndProject
Project("{FAE04EC0-301F-11D3-BF4B-00C04F79EFBC}") = "ServiceOrderManager.Application", "ServiceOrderManager.Application\ServiceOrderManager.Application.csproj", "{A9233FB6-7DE9-4932-B002-68064369F26C}"
EndProject
Project("{FAE04EC0-301F-11D3-BF4B-00C04F79EFBC}") = "ServiceOrderManager.Infrastructure", "ServiceOrderManager.Infrastructure\ServiceOrderManager.Infrastructure.csproj", "{15356272-ECD4-47D6-88F4-AA4F38D62D6C}"
EndProject
Project("{FAE04EC0-301F-11D3-BF4B-00C04F79EFBC}") = "ServiceOrderManager.Api", "ServiceOrderManager.Api\ServiceOrderManager.Api.csproj", "{56CBAE14-EADC-464D-8AFD-0DEBFB3D0B2C}"
EndProject
Global
	GlobalSection(SolutionConfigurationPlatforms) = preSolution
		Debug|Any CPU = Debug|Any CPU
		Release|Any CPU = Release|Any CPU
	EndGlobalSection
	GlobalSection(SolutionProperties) = preSolution
		HideSolutionNode = FALSE
	EndGlobalSection
	GlobalSection(ProjectConfigurationPlatforms) = postSolution
		{721A0726-FCAA-49F5-A000-EB430E470B6E}.Debug|Any CPU.ActiveCfg = Debug|Any CPU
		{721A0726-FCAA-49F5-A000-EB430E470B6E}.Debug|Any CPU.Build.0 = Debug|Any CPU
		{721A0726-FCAA-49F5-A000-EB430E470B6E}.Release|Any CPU.ActiveCfg = Release|Any CPU
		{721A0726-FCAA-49F5-A000-EB430E470B6E}.Release|Any CPU.Build.0 = Release|Any CPU
		{A9233FB6-7DE9-4932-B002-68064369F26C}.Debug|Any CPU.ActiveCfg = Debug|Any CPU
		{A9233FB6-7DE9-4932-B002-68064369F26C}.Debug|Any CPU.Build.0 = Debug|Any CPU
		{A9233FB6-7DE9-4932-B002-68064369F26C}.Release|Any CPU.ActiveCfg = Release|Any CPU
		{A9233FB6-7DE9-4932-B002-68064369F26C}.Release|Any CPU.Build.0 = Release|Any CPU
		{15356272-ECD4-47D6-88F4-AA4F38D62D6C}.Debug|Any CPU.ActiveCfg = Debug|Any CPU
		{15356272-ECD4-47D6-88F4-AA4F38D62D6C}.Debug|Any CPU.Build.0 = Debug|Any CPU
		{15356272-ECD4-47D6-88F4-AA4F38D62D6C}.Release|Any CPU.ActiveCfg = Release|Any CPU
		{15356272-ECD4-47D6-88F4-AA4F38D62D6C}.Release|Any CPU.Build.0 = Release|Any CPU
		{56CBAE14-EADC-464D-8AFD-0DEBFB3D0B2C}.Debug|Any CPU.ActiveCfg = Debug|Any CPU
		{56CBAE14-EADC-464D-8AFD-0DEBFB3D0B2C}.Debug|Any CPU.Build.0 = Debug|Any CPU
		{56CBAE14-EADC-464D-8AFD-0DEBFB3D0B2C}.Release|Any CPU.ActiveCfg = Release|Any CPU
		{56CBAE14-EADC-464D-8AFD-0DEBFB3D0B2C}.Release|Any CPU.Build.0 = Release|Any CPU
	EndGlobalSection
EndGlobal
